
Microsoft Visual Studio Solution File, Format Version 11.00
# Visual Studio 2010
Project("{8BC9CEB8-8B4A-11D0-8D11-00A0C91BC942}") = "实验任务二停车场", "实验任务二停车场\实验任务二停车场.vcxproj", "{CED7FDF6-4FC1-43BD-80FA-938105F91978}"
EndProject
Global
	GlobalSection(SolutionConfigurationPlatforms) = preSolution
		Debug|Win32 = Debug|Win32
		Release|Win32 = Release|Win32
	EndGlobalSection
	GlobalSection(ProjectConfigurationPlatforms) = postSolution
		{CED7FDF6-4FC1-43BD-80FA-938105F91978}.Debug|Win32.ActiveCfg = Debug|Win32
		{CED7FDF6-4FC1-43BD-80FA-938105F91978}.Debug|Win32.Build.0 = Debug|Win32
		{CED7FDF6-4FC1-43BD-80FA-938105F91978}.Release|Win32.ActiveCfg = Release|Win32
		{CED7FDF6-4FC1-43BD-80FA-938105F91978}.Release|Win32.Build.0 = Release|Win32
	EndGlobalSection
	GlobalSection(SolutionProperties) = preSolution
		HideSolutionNode = FALSE
	EndGlobalSection
EndGlobal
